<?xml version="1.0" encoding="utf-8"?>
<Project ToolsVersion="4.0" xmlns="http://schemas.microsoft.com/developer/msbuild/2003">
  <ItemGroup>
    <ClInclude Include="TestClassA.h" />
    <ClInclude Include="SimpleDelegate.h" />
    <ClInclude Include="TestClassB.h" />
    <ClInclude Include="TestClassC.h" />
  </ItemGroup>
  <ItemGroup>
    <ClCompile Include="TestClassA.cpp" />
    <ClCompile Include="main.cpp" />
    <ClCompile Include="TestClassB.cpp" />
    <ClCompile Include="TestClassC.cpp" />
  </ItemGroup>
</Project>