<?xml version="1.0" encoding="utf-8"?>
<Project ToolsVersion="4.0" xmlns="http://schemas.microsoft.com/developer/msbuild/2003">
  <ItemGroup>
    <ClCompile Include="main.cpp" />
  </ItemGroup>
  <ItemGroup>
    <Filter Include="SimpleDelegate">
      <UniqueIdentifier>{d7a6cb6d-8cf9-483f-b584-2ef0b855cc94}</UniqueIdentifier>
    </Filter>
  </ItemGroup>
  <ItemGroup>
    <ClInclude Include="SimpleDelegate\SimpleDelegate.h">
      <Filter>SimpleDelegate</Filter>
    </ClInclude>
  </ItemGroup>
</Project>